
Microsoft Visual Studio Solution File, Format Version 12.00
# Visual Studio Version 16
VisualStudioVersion = 16.0.30907.101
MinimumVisualStudioVersion = 10.0.40219.1
Project("{FAE04EC0-301F-11D3-BF4B-00C04F79EFBC}") = "VMusic", "VMusic\VMusic.csproj", "{52C16F68-6CFC-4AB0-85C3-1A7EA6C0347F}"
EndProject
Global
	GlobalSection(SolutionConfigurationPlatforms) = preSolution
		Debug|Any CPU = Debug|Any CPU
		Release|Any CPU = Release|Any CPU
	EndGlobalSection
	GlobalSection(ProjectConfigurationPlatforms) = postSolution
		{52C16F68-6CFC-4AB0-85C3-1A7EA6C0347F}.Debug|Any CPU.ActiveCfg = Debug|Any CPU
		{52C16F68-6CFC-4AB0-85C3-1A7EA6C0347F}.Debug|Any CPU.Build.0 = Debug|Any CPU
		{52C16F68-6CFC-4AB0-85C3-1A7EA6C0347F}.Release|Any CPU.ActiveCfg = Release|Any CPU
		{52C16F68-6CFC-4AB0-85C3-1A7EA6C0347F}.Release|Any CPU.Build.0 = Release|Any CPU
	EndGlobalSection
	GlobalSection(SolutionProperties) = preSolution
		HideSolutionNode = FALSE
	EndGlobalSection
	GlobalSection(ExtensibilityGlobals) = postSolution
		SolutionGuid = {22F34AE7-2E85-448A-AD0A-068DECF0C643}
	EndGlobalSection
EndGlobal
